Microsoft Visual Studio Solution File, Format Version 12.00
# Visual Studio Version 17

Project("{FAE04EC0-301F-11D3-BF4B-00C04F79EFBC}") = "SubiektBridge.Api", "src\SubiektBridge.Api\SubiektBridge.Api.csproj", "{1A2B3C4D-1111-2222-3333-444455556666}"
EndProject
Project("{FAE04EC0-301F-11D3-BF4B-00C04F79EFBC}") = "SubiektBridge.Tests", "tests\SubiektBridge.Tests\SubiektBridge.Tests.csproj", "{7777BBBB-AAAA-CCCC-DDDD-EEEEFFFF0000}"
EndProject

Global
	GlobalSection(SolutionConfigurationPlatforms) = preSolution
		Debug|Any CPU = Debug|Any CPU
		Release|Any CPU = Release|Any CPU
	EndGlobalSection
	GlobalSection(ProjectConfigurationPlatforms) = postSolution
		{1A2B3C4D-1111-2222-3333-444455556666}.Debug|Any CPU.ActiveCfg = Debug|Any CPU
		{1A2B3C4D-1111-2222-3333-444455556666}.Debug|Any CPU.Build.0 = Debug|Any CPU
		{1A2B3C4D-1111-2222-3333-444455556666}.Release|Any CPU.ActiveCfg = Release|Any CPU
		{1A2B3C4D-1111-2222-3333-444455556666}.Release|Any CPU.Build.0 = Release|Any CPU
		{7777BBBB-AAAA-CCCC-DDDD-EEEEFFFF0000}.Debug|Any CPU.ActiveCfg = Debug|Any CPU
		{7777BBBB-AAAA-CCCC-DDDD-EEEEFFFF0000}.Debug|Any CPU.Build.0 = Debug|Any CPU
		{7777BBBB-AAAA-CCCC-DDDD-EEEEFFFF0000}.Release|Any CPU.ActiveCfg = Release|Any CPU
		{7777BBBB-AAAA-CCCC-DDDD-EEEEFFFF0000}.Release|Any CPU.Build.0 = Release|Any CPU
	EndGlobalSection
EndGlobal
